
Microsoft Visual Studio Solution File, Format Version 12.00
# Visual Studio Version 17
VisualStudioVersion = 17.6.33801.468
MinimumVisualStudioVersion = 10.0.40219.1
Project("{FAE04EC0-301F-11D3-BF4B-00C04F79EFBC}") = "cs_fundamentals", "cs_fundamentals\cs_fundamentals.csproj", "{2ABFFD3C-9444-4B5D-9358-59DBD4184E12}"
EndProject
Global
	GlobalSection(SolutionConfigurationPlatforms) = preSolution
		Debug|Any CPU = Debug|Any CPU
		Release|Any CPU = Release|Any CPU
	EndGlobalSection
	GlobalSection(ProjectConfigurationPlatforms) = postSolution
		{2ABFFD3C-9444-4B5D-9358-59DBD4184E12}.Debug|Any CPU.ActiveCfg = Debug|Any CPU
		{2ABFFD3C-9444-4B5D-9358-59DBD4184E12}.Debug|Any CPU.Build.0 = Debug|Any CPU
		{2ABFFD3C-9444-4B5D-9358-59DBD4184E12}.Release|Any CPU.ActiveCfg = Release|Any CPU
		{2ABFFD3C-9444-4B5D-9358-59DBD4184E12}.Release|Any CPU.Build.0 = Release|Any CPU
	EndGlobalSection
	GlobalSection(SolutionProperties) = preSolution
		HideSolutionNode = FALSE
	EndGlobalSection
	GlobalSection(ExtensibilityGlobals) = postSolution
		SolutionGuid = {9DA5B6D0-01A2-41B2-98F2-DCF50E81441A}
	EndGlobalSection
EndGlobal
